
Microsoft Visual Studio Solution File, Format Version 12.00
# Visual Studio 2013
VisualStudioVersion = 12.0.40629.0
MinimumVisualStudioVersion = 10.0.40219.1
Project("{FAE04EC0-301F-11D3-BF4B-00C04F79EFBC}") = "LinkedListApp", "LinkedListApp\LinkedListApp.csproj", "{426DB556-B0E2-46D9-9941-201C95DDAA85}"
EndProject
Project("{FAE04EC0-301F-11D3-BF4B-00C04F79EFBC}") = "LinkedList", "LinkedList\LinkedList.csproj", "{9013A33C-0DB8-44C7-924E-DC7C53929A2A}"
EndProject
Project("{FAE04EC0-301F-11D3-BF4B-00C04F79EFBC}") = "DynamicArray", "DynamicArray\DynamicArray.csproj", "{B525AA66-AFE8-4856-8A75-9445419AF464}"
EndProject
Project("{FAE04EC0-301F-11D3-BF4B-00C04F79EFBC}") = "DynamicArrayApp", "DynamicArrayApp\DynamicArrayApp.csproj", "{82ACED39-2DAD-4BF7-9E8D-3C12F91E6096}"
EndProject
Project("{FAE04EC0-301F-11D3-BF4B-00C04F79EFBC}") = "Map", "Map\Map.csproj", "{EF58157C-2E48-4551-95CB-F4D048C344EE}"
EndProject
Project("{FAE04EC0-301F-11D3-BF4B-00C04F79EFBC}") = "MapApp", "MapApp\MapApp.csproj", "{751CA430-357E-402A-98FA-ABE948E31DAA}"
EndProject
Global
	GlobalSection(SolutionConfigurationPlatforms) = preSolution
		Debug|Any CPU = Debug|Any CPU
		Release|Any CPU = Release|Any CPU
	EndGlobalSection
	GlobalSection(ProjectConfigurationPlatforms) = postSolution
		{426DB556-B0E2-46D9-9941-201C95DDAA85}.Debug|Any CPU.ActiveCfg = Debug|Any CPU
		{426DB556-B0E2-46D9-9941-201C95DDAA85}.Debug|Any CPU.Build.0 = Debug|Any CPU
		{426DB556-B0E2-46D9-9941-201C95DDAA85}.Release|Any CPU.ActiveCfg = Release|Any CPU
		{426DB556-B0E2-46D9-9941-201C95DDAA85}.Release|Any CPU.Build.0 = Release|Any CPU
		{9013A33C-0DB8-44C7-924E-DC7C53929A2A}.Debug|Any CPU.ActiveCfg = Debug|Any CPU
		{9013A33C-0DB8-44C7-924E-DC7C53929A2A}.Debug|Any CPU.Build.0 = Debug|Any CPU
		{9013A33C-0DB8-44C7-924E-DC7C53929A2A}.Release|Any CPU.ActiveCfg = Release|Any CPU
		{9013A33C-0DB8-44C7-924E-DC7C53929A2A}.Release|Any CPU.Build.0 = Release|Any CPU
		{B525AA66-AFE8-4856-8A75-9445419AF464}.Debug|Any CPU.ActiveCfg = Debug|Any CPU
		{B525AA66-AFE8-4856-8A75-9445419AF464}.Debug|Any CPU.Build.0 = Debug|Any CPU
		{B525AA66-AFE8-4856-8A75-9445419AF464}.Release|Any CPU.ActiveCfg = Release|Any CPU
		{B525AA66-AFE8-4856-8A75-9445419AF464}.Release|Any CPU.Build.0 = Release|Any CPU
		{82ACED39-2DAD-4BF7-9E8D-3C12F91E6096}.Debug|Any CPU.ActiveCfg = Debug|Any CPU
		{82ACED39-2DAD-4BF7-9E8D-3C12F91E6096}.Debug|Any CPU.Build.0 = Debug|Any CPU
		{82ACED39-2DAD-4BF7-9E8D-3C12F91E6096}.Release|Any CPU.ActiveCfg = Release|Any CPU
		{82ACED39-2DAD-4BF7-9E8D-3C12F91E6096}.Release|Any CPU.Build.0 = Release|Any CPU
		{EF58157C-2E48-4551-95CB-F4D048C344EE}.Debug|Any CPU.ActiveCfg = Debug|Any CPU
		{EF58157C-2E48-4551-95CB-F4D048C344EE}.Debug|Any CPU.Build.0 = Debug|Any CPU
		{EF58157C-2E48-4551-95CB-F4D048C344EE}.Release|Any CPU.ActiveCfg = Release|Any CPU
		{EF58157C-2E48-4551-95CB-F4D048C344EE}.Release|Any CPU.Build.0 = Release|Any CPU
		{751CA430-357E-402A-98FA-ABE948E31DAA}.Debug|Any CPU.ActiveCfg = Debug|Any CPU
		{751CA430-357E-402A-98FA-ABE948E31DAA}.Debug|Any CPU.Build.0 = Debug|Any CPU
		{751CA430-357E-402A-98FA-ABE948E31DAA}.Release|Any CPU.ActiveCfg = Release|Any CPU
		{751CA430-357E-402A-98FA-ABE948E31DAA}.Release|Any CPU.Build.0 = Release|Any CPU
	EndGlobalSection
	GlobalSection(SolutionProperties) = preSolution
		HideSolutionNode = FALSE
	EndGlobalSection
EndGlobal
