
Microsoft Visual Studio Solution File, Format Version 12.00
# Visual Studio 2013
VisualStudioVersion = 12.0.40629.0
MinimumVisualStudioVersion = 10.0.40219.1
Project("{FAE04EC0-301F-11D3-BF4B-00C04F79EFBC}") = "GameModels", "GameModels\GameModels.csproj", "{20182D42-3879-4E26-B646-2CDBB9059389}"
EndProject
Project("{FAE04EC0-301F-11D3-BF4B-00C04F79EFBC}") = "StartGame", "StartGame\StartGame.csproj", "{C0B2E098-4F51-4907-BBDA-BD62A3AE99BD}"
EndProject
Global
	GlobalSection(SolutionConfigurationPlatforms) = preSolution
		Debug|Any CPU = Debug|Any CPU
		Release|Any CPU = Release|Any CPU
	EndGlobalSection
	GlobalSection(ProjectConfigurationPlatforms) = postSolution
		{20182D42-3879-4E26-B646-2CDBB9059389}.Debug|Any CPU.ActiveCfg = Debug|Any CPU
		{20182D42-3879-4E26-B646-2CDBB9059389}.Debug|Any CPU.Build.0 = Debug|Any CPU
		{20182D42-3879-4E26-B646-2CDBB9059389}.Release|Any CPU.ActiveCfg = Release|Any CPU
		{20182D42-3879-4E26-B646-2CDBB9059389}.Release|Any CPU.Build.0 = Release|Any CPU
		{C0B2E098-4F51-4907-BBDA-BD62A3AE99BD}.Debug|Any CPU.ActiveCfg = Debug|Any CPU
		{C0B2E098-4F51-4907-BBDA-BD62A3AE99BD}.Debug|Any CPU.Build.0 = Debug|Any CPU
		{C0B2E098-4F51-4907-BBDA-BD62A3AE99BD}.Release|Any CPU.ActiveCfg = Release|Any CPU
		{C0B2E098-4F51-4907-BBDA-BD62A3AE99BD}.Release|Any CPU.Build.0 = Release|Any CPU
	EndGlobalSection
	GlobalSection(SolutionProperties) = preSolution
		HideSolutionNode = FALSE
	EndGlobalSection
EndGlobal
