
Microsoft Visual Studio Solution File, Format Version 12.00
# Visual Studio 2013
VisualStudioVersion = 12.0.40629.0
MinimumVisualStudioVersion = 10.0.40219.1
Project("{FAE04EC0-301F-11D3-BF4B-00C04F79EFBC}") = "Filters", "Filters\Filters.csproj", "{C4C4B199-1ADE-460A-82A6-50EC7939BA61}"
EndProject
Project("{2150E333-8FDC-42A3-9474-1A3956D46DE8}") = "Delegates", "Delegates", "{54925047-3210-4FD3-AD81-BDC0AD878D62}"
EndProject
Project("{FAE04EC0-301F-11D3-BF4B-00C04F79EFBC}") = "Agregates", "Agregates\Agregates.csproj", "{118709F7-4793-4B90-8A08-39E9DC09C31B}"
EndProject
Global
	GlobalSection(SolutionConfigurationPlatforms) = preSolution
		Debug|Any CPU = Debug|Any CPU
		Release|Any CPU = Release|Any CPU
	EndGlobalSection
	GlobalSection(ProjectConfigurationPlatforms) = postSolution
		{C4C4B199-1ADE-460A-82A6-50EC7939BA61}.Debug|Any CPU.ActiveCfg = Debug|Any CPU
		{C4C4B199-1ADE-460A-82A6-50EC7939BA61}.Debug|Any CPU.Build.0 = Debug|Any CPU
		{C4C4B199-1ADE-460A-82A6-50EC7939BA61}.Release|Any CPU.ActiveCfg = Release|Any CPU
		{C4C4B199-1ADE-460A-82A6-50EC7939BA61}.Release|Any CPU.Build.0 = Release|Any CPU
		{118709F7-4793-4B90-8A08-39E9DC09C31B}.Debug|Any CPU.ActiveCfg = Debug|Any CPU
		{118709F7-4793-4B90-8A08-39E9DC09C31B}.Debug|Any CPU.Build.0 = Debug|Any CPU
		{118709F7-4793-4B90-8A08-39E9DC09C31B}.Release|Any CPU.ActiveCfg = Release|Any CPU
		{118709F7-4793-4B90-8A08-39E9DC09C31B}.Release|Any CPU.Build.0 = Release|Any CPU
	EndGlobalSection
	GlobalSection(SolutionProperties) = preSolution
		HideSolutionNode = FALSE
	EndGlobalSection
	GlobalSection(NestedProjects) = preSolution
		{C4C4B199-1ADE-460A-82A6-50EC7939BA61} = {54925047-3210-4FD3-AD81-BDC0AD878D62}
		{118709F7-4793-4B90-8A08-39E9DC09C31B} = {54925047-3210-4FD3-AD81-BDC0AD878D62}
	EndGlobalSection
EndGlobal
