
Microsoft Visual Studio Solution File, Format Version 12.00
# Visual Studio 2013
VisualStudioVersion = 12.0.40629.0
MinimumVisualStudioVersion = 10.0.40219.1
Project("{FAE04EC0-301F-11D3-BF4B-00C04F79EFBC}") = "Filters", "Filters\Filters.csproj", "{C4C4B199-1ADE-460A-82A6-50EC7939BA61}"
EndProject
Project("{2150E333-8FDC-42A3-9474-1A3956D46DE8}") = "Delegates", "Delegates", "{54925047-3210-4FD3-AD81-BDC0AD878D62}"
EndProject
Project("{FAE04EC0-301F-11D3-BF4B-00C04F79EFBC}") = "Agregates", "Agregates\Agregates.csproj", "{118709F7-4793-4B90-8A08-39E9DC09C31B}"
EndProject
Project("{2150E333-8FDC-42A3-9474-1A3956D46DE8}") = "Events", "Events", "{5F655849-416D-42EC-B58D-DD0406F6DB0E}"
EndProject
Project("{FAE04EC0-301F-11D3-BF4B-00C04F79EFBC}") = "Agregator", "Agregator\Agregator.csproj", "{35E016EB-2D92-4C00-8311-C79E3C74E30A}"
EndProject
Project("{FAE04EC0-301F-11D3-BF4B-00C04F79EFBC}") = "Collection", "Collection\Collection.csproj", "{50B583E3-0FFA-4A2A-8D34-117606E06315}"
EndProject
Project("{FAE04EC0-301F-11D3-BF4B-00C04F79EFBC}") = "Network", "Network\Network.csproj", "{3B84C1F3-F27B-4294-B885-FB266EF71E12}"
EndProject
Global
	GlobalSection(SolutionConfigurationPlatforms) = preSolution
		Debug|Any CPU = Debug|Any CPU
		Release|Any CPU = Release|Any CPU
	EndGlobalSection
	GlobalSection(ProjectConfigurationPlatforms) = postSolution
		{C4C4B199-1ADE-460A-82A6-50EC7939BA61}.Debug|Any CPU.ActiveCfg = Debug|Any CPU
		{C4C4B199-1ADE-460A-82A6-50EC7939BA61}.Debug|Any CPU.Build.0 = Debug|Any CPU
		{C4C4B199-1ADE-460A-82A6-50EC7939BA61}.Release|Any CPU.ActiveCfg = Release|Any CPU
		{C4C4B199-1ADE-460A-82A6-50EC7939BA61}.Release|Any CPU.Build.0 = Release|Any CPU
		{118709F7-4793-4B90-8A08-39E9DC09C31B}.Debug|Any CPU.ActiveCfg = Debug|Any CPU
		{118709F7-4793-4B90-8A08-39E9DC09C31B}.Debug|Any CPU.Build.0 = Debug|Any CPU
		{118709F7-4793-4B90-8A08-39E9DC09C31B}.Release|Any CPU.ActiveCfg = Release|Any CPU
		{118709F7-4793-4B90-8A08-39E9DC09C31B}.Release|Any CPU.Build.0 = Release|Any CPU
		{35E016EB-2D92-4C00-8311-C79E3C74E30A}.Debug|Any CPU.ActiveCfg = Debug|Any CPU
		{35E016EB-2D92-4C00-8311-C79E3C74E30A}.Debug|Any CPU.Build.0 = Debug|Any CPU
		{35E016EB-2D92-4C00-8311-C79E3C74E30A}.Release|Any CPU.ActiveCfg = Release|Any CPU
		{35E016EB-2D92-4C00-8311-C79E3C74E30A}.Release|Any CPU.Build.0 = Release|Any CPU
		{50B583E3-0FFA-4A2A-8D34-117606E06315}.Debug|Any CPU.ActiveCfg = Debug|Any CPU
		{50B583E3-0FFA-4A2A-8D34-117606E06315}.Debug|Any CPU.Build.0 = Debug|Any CPU
		{50B583E3-0FFA-4A2A-8D34-117606E06315}.Release|Any CPU.ActiveCfg = Release|Any CPU
		{50B583E3-0FFA-4A2A-8D34-117606E06315}.Release|Any CPU.Build.0 = Release|Any CPU
		{3B84C1F3-F27B-4294-B885-FB266EF71E12}.Debug|Any CPU.ActiveCfg = Debug|Any CPU
		{3B84C1F3-F27B-4294-B885-FB266EF71E12}.Debug|Any CPU.Build.0 = Debug|Any CPU
		{3B84C1F3-F27B-4294-B885-FB266EF71E12}.Release|Any CPU.ActiveCfg = Release|Any CPU
		{3B84C1F3-F27B-4294-B885-FB266EF71E12}.Release|Any CPU.Build.0 = Release|Any CPU
	EndGlobalSection
	GlobalSection(SolutionProperties) = preSolution
		HideSolutionNode = FALSE
	EndGlobalSection
	GlobalSection(NestedProjects) = preSolution
		{C4C4B199-1ADE-460A-82A6-50EC7939BA61} = {54925047-3210-4FD3-AD81-BDC0AD878D62}
		{118709F7-4793-4B90-8A08-39E9DC09C31B} = {54925047-3210-4FD3-AD81-BDC0AD878D62}
		{35E016EB-2D92-4C00-8311-C79E3C74E30A} = {5F655849-416D-42EC-B58D-DD0406F6DB0E}
		{50B583E3-0FFA-4A2A-8D34-117606E06315} = {5F655849-416D-42EC-B58D-DD0406F6DB0E}
	EndGlobalSection
EndGlobal
