
Microsoft Visual Studio Solution File, Format Version 12.00
# Visual Studio 15
VisualStudioVersion = 15.0.28307.572
MinimumVisualStudioVersion = 10.0.40219.1
Project("{FAE04EC0-301F-11D3-BF4B-00C04F79EFBC}") = "FileNameHistogram", "FileNameHistogram\FileNameHistogram.csproj", "{AAE3A24E-0C56-45F7-83A8-131CA8CD6441}"
EndProject
Project("{FAE04EC0-301F-11D3-BF4B-00C04F79EFBC}") = "DirectoryCopy", "DirectoryCopy\DirectoryCopy.csproj", "{4DDDEEE7-76F1-484F-ABBC-5E9D67F051FB}"
EndProject
Project("{FAE04EC0-301F-11D3-BF4B-00C04F79EFBC}") = "ToUpper", "ToUpper\ToUpper.csproj", "{F94DA9E5-8CDE-4E66-86C0-B164CCF4AB96}"
EndProject
Project("{FAE04EC0-301F-11D3-BF4B-00C04F79EFBC}") = "SimpleFileEditor", "SimpleFileEditor\SimpleFileEditor.csproj", "{6CDB5D82-9B0F-41B2-9058-11569B60C20E}"
EndProject
Project("{FAE04EC0-301F-11D3-BF4B-00C04F79EFBC}") = "BooksAndAuthors", "BooksAndAuthors\BooksAndAuthors.csproj", "{72581752-E4CA-4B2B-B1C1-337CBEE4B830}"
EndProject
Global
	GlobalSection(SolutionConfigurationPlatforms) = preSolution
		Debug|Any CPU = Debug|Any CPU
		Release|Any CPU = Release|Any CPU
	EndGlobalSection
	GlobalSection(ProjectConfigurationPlatforms) = postSolution
		{AAE3A24E-0C56-45F7-83A8-131CA8CD6441}.Debug|Any CPU.ActiveCfg = Debug|Any CPU
		{AAE3A24E-0C56-45F7-83A8-131CA8CD6441}.Debug|Any CPU.Build.0 = Debug|Any CPU
		{AAE3A24E-0C56-45F7-83A8-131CA8CD6441}.Release|Any CPU.ActiveCfg = Release|Any CPU
		{AAE3A24E-0C56-45F7-83A8-131CA8CD6441}.Release|Any CPU.Build.0 = Release|Any CPU
		{4DDDEEE7-76F1-484F-ABBC-5E9D67F051FB}.Debug|Any CPU.ActiveCfg = Debug|Any CPU
		{4DDDEEE7-76F1-484F-ABBC-5E9D67F051FB}.Debug|Any CPU.Build.0 = Debug|Any CPU
		{4DDDEEE7-76F1-484F-ABBC-5E9D67F051FB}.Release|Any CPU.ActiveCfg = Release|Any CPU
		{4DDDEEE7-76F1-484F-ABBC-5E9D67F051FB}.Release|Any CPU.Build.0 = Release|Any CPU
		{F94DA9E5-8CDE-4E66-86C0-B164CCF4AB96}.Debug|Any CPU.ActiveCfg = Debug|Any CPU
		{F94DA9E5-8CDE-4E66-86C0-B164CCF4AB96}.Debug|Any CPU.Build.0 = Debug|Any CPU
		{F94DA9E5-8CDE-4E66-86C0-B164CCF4AB96}.Release|Any CPU.ActiveCfg = Release|Any CPU
		{F94DA9E5-8CDE-4E66-86C0-B164CCF4AB96}.Release|Any CPU.Build.0 = Release|Any CPU
		{6CDB5D82-9B0F-41B2-9058-11569B60C20E}.Debug|Any CPU.ActiveCfg = Debug|Any CPU
		{6CDB5D82-9B0F-41B2-9058-11569B60C20E}.Debug|Any CPU.Build.0 = Debug|Any CPU
		{6CDB5D82-9B0F-41B2-9058-11569B60C20E}.Release|Any CPU.ActiveCfg = Release|Any CPU
		{6CDB5D82-9B0F-41B2-9058-11569B60C20E}.Release|Any CPU.Build.0 = Release|Any CPU
		{72581752-E4CA-4B2B-B1C1-337CBEE4B830}.Debug|Any CPU.ActiveCfg = Debug|Any CPU
		{72581752-E4CA-4B2B-B1C1-337CBEE4B830}.Debug|Any CPU.Build.0 = Debug|Any CPU
		{72581752-E4CA-4B2B-B1C1-337CBEE4B830}.Release|Any CPU.ActiveCfg = Release|Any CPU
		{72581752-E4CA-4B2B-B1C1-337CBEE4B830}.Release|Any CPU.Build.0 = Release|Any CPU
	EndGlobalSection
	GlobalSection(SolutionProperties) = preSolution
		HideSolutionNode = FALSE
	EndGlobalSection
	GlobalSection(ExtensibilityGlobals) = postSolution
		SolutionGuid = {75DE76C1-3346-4F7A-B063-509E8AE61FC2}
	EndGlobalSection
EndGlobal
